
Microsoft Visual Studio Solution File, Format Version 12.00
Project("{FAE04EC0-301F-11D3-BF4B-00C04F79EFBC}") = "PokeApiTechDemo", "PokeApiTechDemo.csproj", "{A590856D-C9F4-4288-8725-ABE29508D87C}"
EndProject
Project("{FAE04EC0-301F-11D3-BF4B-00C04F79EFBC}") = "PokeApiTechDemo.Tests", "PokeApiTechDemo.Tests\PokeApiTechDemo.Tests.csproj", "{56C30AE6-BE7D-4EA7-B262-C5AAD64FC7D3}"
EndProject
Project("{FAE04EC0-301F-11D3-BF4B-00C04F79EFBC}") = "PokemonApiClient", "PokemonApiClient\PokemonApiClient.csproj", "{D16A56CD-DEF7-49DC-9486-F5511BB808F8}"
EndProject
Global
	GlobalSection(SolutionConfigurationPlatforms) = preSolution
		Debug|Any CPU = Debug|Any CPU
		Release|Any CPU = Release|Any CPU
	EndGlobalSection
	GlobalSection(ProjectConfigurationPlatforms) = postSolution
		{A590856D-C9F4-4288-8725-ABE29508D87C}.Debug|Any CPU.ActiveCfg = Debug|Any CPU
		{A590856D-C9F4-4288-8725-ABE29508D87C}.Debug|Any CPU.Build.0 = Debug|Any CPU
		{A590856D-C9F4-4288-8725-ABE29508D87C}.Release|Any CPU.ActiveCfg = Release|Any CPU
		{A590856D-C9F4-4288-8725-ABE29508D87C}.Release|Any CPU.Build.0 = Release|Any CPU
		{56C30AE6-BE7D-4EA7-B262-C5AAD64FC7D3}.Debug|Any CPU.ActiveCfg = Debug|Any CPU
		{56C30AE6-BE7D-4EA7-B262-C5AAD64FC7D3}.Debug|Any CPU.Build.0 = Debug|Any CPU
		{56C30AE6-BE7D-4EA7-B262-C5AAD64FC7D3}.Release|Any CPU.ActiveCfg = Release|Any CPU
		{56C30AE6-BE7D-4EA7-B262-C5AAD64FC7D3}.Release|Any CPU.Build.0 = Release|Any CPU
		{D16A56CD-DEF7-49DC-9486-F5511BB808F8}.Debug|Any CPU.ActiveCfg = Debug|Any CPU
		{D16A56CD-DEF7-49DC-9486-F5511BB808F8}.Debug|Any CPU.Build.0 = Debug|Any CPU
		{D16A56CD-DEF7-49DC-9486-F5511BB808F8}.Release|Any CPU.ActiveCfg = Release|Any CPU
		{D16A56CD-DEF7-49DC-9486-F5511BB808F8}.Release|Any CPU.Build.0 = Release|Any CPU
	EndGlobalSection
EndGlobal
